
Microsoft Visual Studio Solution File, Format Version 12.00
# Visual Studio 15
VisualStudioVersion = 15.0.26124.0
MinimumVisualStudioVersion = 15.0.26124.0
Project("{FAE04EC0-301F-11D3-BF4B-00C04F79EFBC}") = "SimplyDonate.Api", "SimplyDonate.Api\SimplyDonate.Api.csproj", "{4B77029D-E982-4098-A2CF-C10E94149D70}"
EndProject
Project("{FAE04EC0-301F-11D3-BF4B-00C04F79EFBC}") = "SimplyDonate.Api.Tests", "SimplyDonate.Api.Tests\SimplyDonate.Api.Tests.csproj", "{81DEC3B8-A59D-4B18-BFD9-1BB1C4E7EB59}"
EndProject
Project("{FAE04EC0-301F-11D3-BF4B-00C04F79EFBC}") = "SimplyDonate.Core", "SimplyDonate.Core\SimplyDonate.Core.csproj", "{F1956CF9-5ED3-45EB-A8E4-46D77360C4E9}"
EndProject
Project("{FAE04EC0-301F-11D3-BF4B-00C04F79EFBC}") = "SimplyDonate.Core.Tests", "SimplyDonate.Core.Tests\SimplyDonate.Core.Tests.csproj", "{C777E34A-F9F2-4B45-83F6-DD76C8364528}"
EndProject
Project("{FAE04EC0-301F-11D3-BF4B-00C04F79EFBC}") = "SimplyDonate.DataAccess", "SimplyDonate.DataAccess\SimplyDonate.DataAccess.csproj", "{2DBD3D14-D579-49CA-95AB-5BA5E8D81AD1}"
EndProject
Project("{FAE04EC0-301F-11D3-BF4B-00C04F79EFBC}") = "SimplyDonate.DataAccess.Tests", "SimplyDonate.DataAccess.Tests\SimplyDonate.DataAccess.Tests.csproj", "{1E7E4CAA-E264-4C3D-8B7F-73FAD7C6384C}"
EndProject
Project("{FAE04EC0-301F-11D3-BF4B-00C04F79EFBC}") = "SimplyDonate.Web", "SimplyDonate.Web\SimplyDonate.Web.csproj", "{3526FAA8-E0D4-4F11-A31D-2CC4A9DE8DCE}"
EndProject
Project("{FAE04EC0-301F-11D3-BF4B-00C04F79EFBC}") = "SimplyDonate.Web.Tests", "SimplyDonate.Web.Tests\SimplyDonate.Web.Tests.csproj", "{1F7F90E9-B544-4A0C-97B3-0425196E8583}"
EndProject
Project("{2150E333-8FDC-42A3-9474-1A3956D46DE8}") = "01 Projects", "01 Projects", "{2F8A96C8-FEFF-46A6-BE12-9D5E862F3BEA}"
EndProject
Project("{2150E333-8FDC-42A3-9474-1A3956D46DE8}") = "02 Tests", "02 Tests", "{E0511166-3BE7-45B8-A606-5B43A7EB44B2}"
EndProject
Global
	GlobalSection(SolutionConfigurationPlatforms) = preSolution
		Debug|Any CPU = Debug|Any CPU
		Debug|x64 = Debug|x64
		Debug|x86 = Debug|x86
		Release|Any CPU = Release|Any CPU
		Release|x64 = Release|x64
		Release|x86 = Release|x86
	EndGlobalSection
	GlobalSection(SolutionProperties) = preSolution
		HideSolutionNode = FALSE
	EndGlobalSection
	GlobalSection(ProjectConfigurationPlatforms) = postSolution
		{4B77029D-E982-4098-A2CF-C10E94149D70}.Debug|Any CPU.ActiveCfg = Debug|Any CPU
		{4B77029D-E982-4098-A2CF-C10E94149D70}.Debug|Any CPU.Build.0 = Debug|Any CPU
		{4B77029D-E982-4098-A2CF-C10E94149D70}.Debug|x64.ActiveCfg = Debug|Any CPU
		{4B77029D-E982-4098-A2CF-C10E94149D70}.Debug|x64.Build.0 = Debug|Any CPU
		{4B77029D-E982-4098-A2CF-C10E94149D70}.Debug|x86.ActiveCfg = Debug|Any CPU
		{4B77029D-E982-4098-A2CF-C10E94149D70}.Debug|x86.Build.0 = Debug|Any CPU
		{4B77029D-E982-4098-A2CF-C10E94149D70}.Release|Any CPU.ActiveCfg = Release|Any CPU
		{4B77029D-E982-4098-A2CF-C10E94149D70}.Release|Any CPU.Build.0 = Release|Any CPU
		{4B77029D-E982-4098-A2CF-C10E94149D70}.Release|x64.ActiveCfg = Release|Any CPU
		{4B77029D-E982-4098-A2CF-C10E94149D70}.Release|x64.Build.0 = Release|Any CPU
		{4B77029D-E982-4098-A2CF-C10E94149D70}.Release|x86.ActiveCfg = Release|Any CPU
		{4B77029D-E982-4098-A2CF-C10E94149D70}.Release|x86.Build.0 = Release|Any CPU
		{81DEC3B8-A59D-4B18-BFD9-1BB1C4E7EB59}.Debug|Any CPU.ActiveCfg = Debug|Any CPU
		{81DEC3B8-A59D-4B18-BFD9-1BB1C4E7EB59}.Debug|Any CPU.Build.0 = Debug|Any CPU
		{81DEC3B8-A59D-4B18-BFD9-1BB1C4E7EB59}.Debug|x64.ActiveCfg = Debug|Any CPU
		{81DEC3B8-A59D-4B18-BFD9-1BB1C4E7EB59}.Debug|x64.Build.0 = Debug|Any CPU
		{81DEC3B8-A59D-4B18-BFD9-1BB1C4E7EB59}.Debug|x86.ActiveCfg = Debug|Any CPU
		{81DEC3B8-A59D-4B18-BFD9-1BB1C4E7EB59}.Debug|x86.Build.0 = Debug|Any CPU
		{81DEC3B8-A59D-4B18-BFD9-1BB1C4E7EB59}.Release|Any CPU.ActiveCfg = Release|Any CPU
		{81DEC3B8-A59D-4B18-BFD9-1BB1C4E7EB59}.Release|Any CPU.Build.0 = Release|Any CPU
		{81DEC3B8-A59D-4B18-BFD9-1BB1C4E7EB59}.Release|x64.ActiveCfg = Release|Any CPU
		{81DEC3B8-A59D-4B18-BFD9-1BB1C4E7EB59}.Release|x64.Build.0 = Release|Any CPU
		{81DEC3B8-A59D-4B18-BFD9-1BB1C4E7EB59}.Release|x86.ActiveCfg = Release|Any CPU
		{81DEC3B8-A59D-4B18-BFD9-1BB1C4E7EB59}.Release|x86.Build.0 = Release|Any CPU
		{F1956CF9-5ED3-45EB-A8E4-46D77360C4E9}.Debug|Any CPU.ActiveCfg = Debug|Any CPU
		{F1956CF9-5ED3-45EB-A8E4-46D77360C4E9}.Debug|Any CPU.Build.0 = Debug|Any CPU
		{F1956CF9-5ED3-45EB-A8E4-46D77360C4E9}.Debug|x64.ActiveCfg = Debug|Any CPU
		{F1956CF9-5ED3-45EB-A8E4-46D77360C4E9}.Debug|x64.Build.0 = Debug|Any CPU
		{F1956CF9-5ED3-45EB-A8E4-46D77360C4E9}.Debug|x86.ActiveCfg = Debug|Any CPU
		{F1956CF9-5ED3-45EB-A8E4-46D77360C4E9}.Debug|x86.Build.0 = Debug|Any CPU
		{F1956CF9-5ED3-45EB-A8E4-46D77360C4E9}.Release|Any CPU.ActiveCfg = Release|Any CPU
		{F1956CF9-5ED3-45EB-A8E4-46D77360C4E9}.Release|Any CPU.Build.0 = Release|Any CPU
		{F1956CF9-5ED3-45EB-A8E4-46D77360C4E9}.Release|x64.ActiveCfg = Release|Any CPU
		{F1956CF9-5ED3-45EB-A8E4-46D77360C4E9}.Release|x64.Build.0 = Release|Any CPU
		{F1956CF9-5ED3-45EB-A8E4-46D77360C4E9}.Release|x86.ActiveCfg = Release|Any CPU
		{F1956CF9-5ED3-45EB-A8E4-46D77360C4E9}.Release|x86.Build.0 = Release|Any CPU
		{C777E34A-F9F2-4B45-83F6-DD76C8364528}.Debug|Any CPU.ActiveCfg = Debug|Any CPU
		{C777E34A-F9F2-4B45-83F6-DD76C8364528}.Debug|Any CPU.Build.0 = Debug|Any CPU
		{C777E34A-F9F2-4B45-83F6-DD76C8364528}.Debug|x64.ActiveCfg = Debug|Any CPU
		{C777E34A-F9F2-4B45-83F6-DD76C8364528}.Debug|x64.Build.0 = Debug|Any CPU
		{C777E34A-F9F2-4B45-83F6-DD76C8364528}.Debug|x86.ActiveCfg = Debug|Any CPU
		{C777E34A-F9F2-4B45-83F6-DD76C8364528}.Debug|x86.Build.0 = Debug|Any CPU
		{C777E34A-F9F2-4B45-83F6-DD76C8364528}.Release|Any CPU.ActiveCfg = Release|Any CPU
		{C777E34A-F9F2-4B45-83F6-DD76C8364528}.Release|Any CPU.Build.0 = Release|Any CPU
		{C777E34A-F9F2-4B45-83F6-DD76C8364528}.Release|x64.ActiveCfg = Release|Any CPU
		{C777E34A-F9F2-4B45-83F6-DD76C8364528}.Release|x64.Build.0 = Release|Any CPU
		{C777E34A-F9F2-4B45-83F6-DD76C8364528}.Release|x86.ActiveCfg = Release|Any CPU
		{C777E34A-F9F2-4B45-83F6-DD76C8364528}.Release|x86.Build.0 = Release|Any CPU
		{2DBD3D14-D579-49CA-95AB-5BA5E8D81AD1}.Debug|Any CPU.ActiveCfg = Debug|Any CPU
		{2DBD3D14-D579-49CA-95AB-5BA5E8D81AD1}.Debug|Any CPU.Build.0 = Debug|Any CPU
		{2DBD3D14-D579-49CA-95AB-5BA5E8D81AD1}.Debug|x64.ActiveCfg = Debug|Any CPU
		{2DBD3D14-D579-49CA-95AB-5BA5E8D81AD1}.Debug|x64.Build.0 = Debug|Any CPU
		{2DBD3D14-D579-49CA-95AB-5BA5E8D81AD1}.Debug|x86.ActiveCfg = Debug|Any CPU
		{2DBD3D14-D579-49CA-95AB-5BA5E8D81AD1}.Debug|x86.Build.0 = Debug|Any CPU
		{2DBD3D14-D579-49CA-95AB-5BA5E8D81AD1}.Release|Any CPU.ActiveCfg = Release|Any CPU
		{2DBD3D14-D579-49CA-95AB-5BA5E8D81AD1}.Release|Any CPU.Build.0 = Release|Any CPU
		{2DBD3D14-D579-49CA-95AB-5BA5E8D81AD1}.Release|x64.ActiveCfg = Release|Any CPU
		{2DBD3D14-D579-49CA-95AB-5BA5E8D81AD1}.Release|x64.Build.0 = Release|Any CPU
		{2DBD3D14-D579-49CA-95AB-5BA5E8D81AD1}.Release|x86.ActiveCfg = Release|Any CPU
		{2DBD3D14-D579-49CA-95AB-5BA5E8D81AD1}.Release|x86.Build.0 = Release|Any CPU
		{1E7E4CAA-E264-4C3D-8B7F-73FAD7C6384C}.Debug|Any CPU.ActiveCfg = Debug|Any CPU
		{1E7E4CAA-E264-4C3D-8B7F-73FAD7C6384C}.Debug|Any CPU.Build.0 = Debug|Any CPU
		{1E7E4CAA-E264-4C3D-8B7F-73FAD7C6384C}.Debug|x64.ActiveCfg = Debug|Any CPU
		{1E7E4CAA-E264-4C3D-8B7F-73FAD7C6384C}.Debug|x64.Build.0 = Debug|Any CPU
		{1E7E4CAA-E264-4C3D-8B7F-73FAD7C6384C}.Debug|x86.ActiveCfg = Debug|Any CPU
		{1E7E4CAA-E264-4C3D-8B7F-73FAD7C6384C}.Debug|x86.Build.0 = Debug|Any CPU
		{1E7E4CAA-E264-4C3D-8B7F-73FAD7C6384C}.Release|Any CPU.ActiveCfg = Release|Any CPU
		{1E7E4CAA-E264-4C3D-8B7F-73FAD7C6384C}.Release|Any CPU.Build.0 = Release|Any CPU
		{1E7E4CAA-E264-4C3D-8B7F-73FAD7C6384C}.Release|x64.ActiveCfg = Release|Any CPU
		{1E7E4CAA-E264-4C3D-8B7F-73FAD7C6384C}.Release|x64.Build.0 = Release|Any CPU
		{1E7E4CAA-E264-4C3D-8B7F-73FAD7C6384C}.Release|x86.ActiveCfg = Release|Any CPU
		{1E7E4CAA-E264-4C3D-8B7F-73FAD7C6384C}.Release|x86.Build.0 = Release|Any CPU
		{3526FAA8-E0D4-4F11-A31D-2CC4A9DE8DCE}.Debug|Any CPU.ActiveCfg = Debug|Any CPU
		{3526FAA8-E0D4-4F11-A31D-2CC4A9DE8DCE}.Debug|Any CPU.Build.0 = Debug|Any CPU
		{3526FAA8-E0D4-4F11-A31D-2CC4A9DE8DCE}.Debug|x64.ActiveCfg = Debug|Any CPU
		{3526FAA8-E0D4-4F11-A31D-2CC4A9DE8DCE}.Debug|x64.Build.0 = Debug|Any CPU
		{3526FAA8-E0D4-4F11-A31D-2CC4A9DE8DCE}.Debug|x86.ActiveCfg = Debug|Any CPU
		{3526FAA8-E0D4-4F11-A31D-2CC4A9DE8DCE}.Debug|x86.Build.0 = Debug|Any CPU
		{3526FAA8-E0D4-4F11-A31D-2CC4A9DE8DCE}.Release|Any CPU.ActiveCfg = Release|Any CPU
		{3526FAA8-E0D4-4F11-A31D-2CC4A9DE8DCE}.Release|Any CPU.Build.0 = Release|Any CPU
		{3526FAA8-E0D4-4F11-A31D-2CC4A9DE8DCE}.Release|x64.ActiveCfg = Release|Any CPU
		{3526FAA8-E0D4-4F11-A31D-2CC4A9DE8DCE}.Release|x64.Build.0 = Release|Any CPU
		{3526FAA8-E0D4-4F11-A31D-2CC4A9DE8DCE}.Release|x86.ActiveCfg = Release|Any CPU
		{3526FAA8-E0D4-4F11-A31D-2CC4A9DE8DCE}.Release|x86.Build.0 = Release|Any CPU
		{1F7F90E9-B544-4A0C-97B3-0425196E8583}.Debug|Any CPU.ActiveCfg = Debug|Any CPU
		{1F7F90E9-B544-4A0C-97B3-0425196E8583}.Debug|Any CPU.Build.0 = Debug|Any CPU
		{1F7F90E9-B544-4A0C-97B3-0425196E8583}.Debug|x64.ActiveCfg = Debug|Any CPU
		{1F7F90E9-B544-4A0C-97B3-0425196E8583}.Debug|x64.Build.0 = Debug|Any CPU
		{1F7F90E9-B544-4A0C-97B3-0425196E8583}.Debug|x86.ActiveCfg = Debug|Any CPU
		{1F7F90E9-B544-4A0C-97B3-0425196E8583}.Debug|x86.Build.0 = Debug|Any CPU
		{1F7F90E9-B544-4A0C-97B3-0425196E8583}.Release|Any CPU.ActiveCfg = Release|Any CPU
		{1F7F90E9-B544-4A0C-97B3-0425196E8583}.Release|Any CPU.Build.0 = Release|Any CPU
		{1F7F90E9-B544-4A0C-97B3-0425196E8583}.Release|x64.ActiveCfg = Release|Any CPU
		{1F7F90E9-B544-4A0C-97B3-0425196E8583}.Release|x64.Build.0 = Release|Any CPU
		{1F7F90E9-B544-4A0C-97B3-0425196E8583}.Release|x86.ActiveCfg = Release|Any CPU
		{1F7F90E9-B544-4A0C-97B3-0425196E8583}.Release|x86.Build.0 = Release|Any CPU
	EndGlobalSection
	GlobalSection(NestedProjects) = preSolution
		{4B77029D-E982-4098-A2CF-C10E94149D70} = {2F8A96C8-FEFF-46A6-BE12-9D5E862F3BEA}
		{F1956CF9-5ED3-45EB-A8E4-46D77360C4E9} = {2F8A96C8-FEFF-46A6-BE12-9D5E862F3BEA}
		{2DBD3D14-D579-49CA-95AB-5BA5E8D81AD1} = {2F8A96C8-FEFF-46A6-BE12-9D5E862F3BEA}
		{3526FAA8-E0D4-4F11-A31D-2CC4A9DE8DCE} = {2F8A96C8-FEFF-46A6-BE12-9D5E862F3BEA}
		{81DEC3B8-A59D-4B18-BFD9-1BB1C4E7EB59} = {E0511166-3BE7-45B8-A606-5B43A7EB44B2}
		{C777E34A-F9F2-4B45-83F6-DD76C8364528} = {E0511166-3BE7-45B8-A606-5B43A7EB44B2}
		{1E7E4CAA-E264-4C3D-8B7F-73FAD7C6384C} = {E0511166-3BE7-45B8-A606-5B43A7EB44B2}
		{1F7F90E9-B544-4A0C-97B3-0425196E8583} = {E0511166-3BE7-45B8-A606-5B43A7EB44B2}
	EndGlobalSection
EndGlobal
